
Microsoft Visual Studio Solution File, Format Version 12.00
# Visual Studio Version 17
VisualStudioVersion = 17.5.002.0
MinimumVisualStudioVersion = 10.0.40219.1
Project("{9A19103F-16F7-4668-BE54-9A1E7A4F7556}") = "FancySignup", "FancySignup.csproj", "{EAC2F433-F262-456B-9921-064C56B5A2F6}"
EndProject
Global
	GlobalSection(SolutionConfigurationPlatforms) = preSolution
		Debug|Any CPU = Debug|Any CPU
		Release|Any CPU = Release|Any CPU
	EndGlobalSection
	GlobalSection(ProjectConfigurationPlatforms) = postSolution
		{EAC2F433-F262-456B-9921-064C56B5A2F6}.Debug|Any CPU.ActiveCfg = Debug|Any CPU
		{EAC2F433-F262-456B-9921-064C56B5A2F6}.Debug|Any CPU.Build.0 = Debug|Any CPU
		{EAC2F433-F262-456B-9921-064C56B5A2F6}.Release|Any CPU.ActiveCfg = Release|Any CPU
		{EAC2F433-F262-456B-9921-064C56B5A2F6}.Release|Any CPU.Build.0 = Release|Any CPU
	EndGlobalSection
	GlobalSection(SolutionProperties) = preSolution
		HideSolutionNode = FALSE
	EndGlobalSection
	GlobalSection(ExtensibilityGlobals) = postSolution
		SolutionGuid = {80FCB877-4C86-4EFE-A6C0-380313293906}
	EndGlobalSection
EndGlobal
